Microsoft Visual Studio Solution File, Format Version 12.00
# Visual Studio Version 17
VisualStudioVersion = 17.5.2.0
MinimumVisualStudioVersion = 10.0.40219.1
Project("{FAE04EC0-301F-11D3-BF4B-00C04F79EFBC}") = "PizzaAPP", "PizzaAPP.csproj", "{D31D2756-7DA1-B411-C49B-34AC5E128918}"
EndProject
Global
	GlobalSection(SolutionConfigurationPlatforms) = preSolution
		Debug|Any CPU = Debug|Any CPU
		Release|Any CPU = Release|Any CPU
	EndGlobalSection
	GlobalSection(ProjectConfigurationPlatforms) = postSolution
		{D31D2756-7DA1-B411-C49B-34AC5E128918}.Debug|Any CPU.ActiveCfg = Debug|Any CPU
		{D31D2756-7DA1-B411-C49B-34AC5E128918}.Debug|Any CPU.Build.0 = Debug|Any CPU
		{D31D2756-7DA1-B411-C49B-34AC5E128918}.Release|Any CPU.ActiveCfg = Release|Any CPU
		{D31D2756-7DA1-B411-C49B-34AC5E128918}.Release|Any CPU.Build.0 = Release|Any CPU
	EndGlobalSection
	GlobalSection(SolutionProperties) = preSolution
		HideSolutionNode = FALSE
	EndGlobalSection
	GlobalSection(ExtensibilityGlobals) = postSolution
		SolutionGuid = {2770AECB-B7C2-46FC-A04B-882D73FF73A6}
	EndGlobalSection
EndGlobal
